PODS:
  - AFNetworking (1.2.0)
  - AFOAuth1Client (0.1.1):
    - AFNetworking (>= 0.9)
  - SZNZotero (1.0):
    - AFOAuth1Client (= 0.1.0)
  - TBXML (1.5)

DEPENDENCIES:
  - AFOAuth1Client
  - SZNZotero (from `../../`)
  - TBXML

EXTERNAL SOURCES:
  SZNZotero:
    :local: ../../

SPEC CHECKSUMS:
  AFNetworking: 3cbae45f61a9f995cdbd56bd571223910d7f4e44
  AFOAuth1Client: 037044e341e897e0742920404f0c54ffd51dc776
  SZNZotero: 102a1412fd4f25157deeb111caea924789f3b532
  TBXML: 0511ac325d83e59d3aefa4bc8cd6cbeff07a8d9e

COCOAPODS: 0.18.0
