PODS:
  - AFNetworking (1.2.1)
  - AFOAuth1Client (0.1.1):
    - AFNetworking (>= 0.9)
  - SZNZotero (1.0):
    - AFOAuth1Client (= 0.1.0)
    - SZNZotero/google-toolbox-mac
  - SZNZotero/google-toolbox-mac (1.0):
    - AFOAuth1Client (= 0.1.0)
  - TBXML (1.5)

DEPENDENCIES:
  - AFOAuth1Client
  - SZNZotero (from `../../`)
  - TBXML

EXTERNAL SOURCES:
  SZNZotero:
    :local: ../../

SPEC CHECKSUMS:
  AFNetworking: 616da0028916ce296f5c3cef74e5552eb4e10e13
  AFOAuth1Client: 037044e341e897e0742920404f0c54ffd51dc776
  SZNZotero: 1a01a201e769d441a3babb9708744466a732f250
  TBXML: 0511ac325d83e59d3aefa4bc8cd6cbeff07a8d9e

COCOAPODS: 0.18.0
