PODS:
  - AFNetworking (1.3.4)
  - AFOAuth1Client (1.0.0):
    - AFNetworking (~> 1.3)
  - ISO8601DateFormatter (0.8)
  - SZNZotero (0.3.4):
    - AFOAuth1Client (~> 1.0.0)
    - ISO8601DateFormatter (~> 0.8)

DEPENDENCIES:
  - SZNZotero (from `../../`)

EXTERNAL SOURCES:
  SZNZotero:
    :path: ../../

SPEC CHECKSUMS:
  AFNetworking: cf8e418e16f0c9c7e5c3150d019a3c679d015018
  AFOAuth1Client: 51d32174520b54d7e15a8b3dd618a9a5b87a6344
  ISO8601DateFormatter: 4551b6ce4f83185425f583b0b3feb3c7b59b942c
  SZNZotero: 3edeb2da3dfd68674dcac0142b12a2fd28aa9c56

PODFILE CHECKSUM: e1a8c40cf56f9b1b9e6cd30768375c589eba3d10

COCOAPODS: 1.0.0
